
Microsoft Visual Studio Solution File, Format Version 12.00
# Visual Studio Version 16
VisualStudioVersion = 16.0.30225.117
MinimumVisualStudioVersion = 10.0.40219.1
Project("{8BC9CEB8-8B4A-11D0-8D11-00A0C91BC942}") = "GameEngine-OpenGL", "GameEngine-OpenGL.vcxproj", "{270FF464-FA12-4A62-9B79-26C7409F2F4B}"
EndProject
Global
	GlobalSection(SolutionConfigurationPlatforms) = preSolution
		Debug|x64 = Debug|x64
		Debug|x86 = Debug|x86
		Release|x64 = Release|x64
		Release|x86 = Release|x86
	EndGlobalSection
	GlobalSection(ProjectConfigurationPlatforms) = postSolution
		{270FF464-FA12-4A62-9B79-26C7409F2F4B}.Debug|x64.ActiveCfg = Debug|x64
		{270FF464-FA12-4A62-9B79-26C7409F2F4B}.Debug|x64.Build.0 = Debug|x64
		{270FF464-FA12-4A62-9B79-26C7409F2F4B}.Debug|x86.ActiveCfg = Debug|Win32
		{270FF464-FA12-4A62-9B79-26C7409F2F4B}.Debug|x86.Build.0 = Debug|Win32
		{270FF464-FA12-4A62-9B79-26C7409F2F4B}.Release|x64.ActiveCfg = Release|x64
		{270FF464-FA12-4A62-9B79-26C7409F2F4B}.Release|x64.Build.0 = Release|x64
		{270FF464-FA12-4A62-9B79-26C7409F2F4B}.Release|x86.ActiveCfg = Release|Win32
		{270FF464-FA12-4A62-9B79-26C7409F2F4B}.Release|x86.Build.0 = Release|Win32
	EndGlobalSection
	GlobalSection(SolutionProperties) = preSolution
		HideSolutionNode = FALSE
	EndGlobalSection
	GlobalSection(ExtensibilityGlobals) = postSolution
		SolutionGuid = {EBEB8F6D-4FBE-45EB-93A5-B0ABE0C50547}
	EndGlobalSection
EndGlobal
